
Microsoft Visual Studio Solution File, Format Version 12.00
# Visual Studio Version 17
VisualStudioVersion = 17.14.36623.8
MinimumVisualStudioVersion = 10.0.40219.1
Project("{FAE04EC0-301F-11D3-BF4B-00C04F79EFBC}") = "ActivityManagementApp", "ActivityManagementApp.csproj", "{0844F299-81E6-1D63-617E-E266639D8E90}"
EndProject
Global
	GlobalSection(SolutionConfigurationPlatforms) = preSolution
		Debug|Any CPU = Debug|Any CPU
		Release|Any CPU = Release|Any CPU
	EndGlobalSection
	GlobalSection(ProjectConfigurationPlatforms) = postSolution
		{0844F299-81E6-1D63-617E-E266639D8E90}.Debug|Any CPU.ActiveCfg = Debug|Any CPU
		{0844F299-81E6-1D63-617E-E266639D8E90}.Debug|Any CPU.Build.0 = Debug|Any CPU
		{0844F299-81E6-1D63-617E-E266639D8E90}.Release|Any CPU.ActiveCfg = Release|Any CPU
		{0844F299-81E6-1D63-617E-E266639D8E90}.Release|Any CPU.Build.0 = Release|Any CPU
	EndGlobalSection
	GlobalSection(SolutionProperties) = preSolution
		HideSolutionNode = FALSE
	EndGlobalSection
	GlobalSection(ExtensibilityGlobals) = postSolution
		SolutionGuid = {B6DCEBF2-4BD4-4EE1-8A3B-376C19EA5383}
	EndGlobalSection
EndGlobal
